
Microsoft Visual Studio Solution File, Format Version 12.00
# Visual Studio 15
VisualStudioVersion = 15.0.28010.2046
MinimumVisualStudioVersion = 10.0.40219.1
Project("{FAE04EC0-301F-11D3-BF4B-00C04F79EFBC}") = "gazeDataStreaming", "gazeDataStreaming\gazeDataStreaming.csproj", "{AF533AAC-5AE5-480C-B3F5-5495A0920B72}"
EndProject
Global
	GlobalSection(SolutionConfigurationPlatforms) = preSolution
		Debug|Any CPU = Debug|Any CPU
		Release|Any CPU = Release|Any CPU
	EndGlobalSection
	GlobalSection(ProjectConfigurationPlatforms) = postSolution
		{AF533AAC-5AE5-480C-B3F5-5495A0920B72}.Debug|Any CPU.ActiveCfg = Debug|Any CPU
		{AF533AAC-5AE5-480C-B3F5-5495A0920B72}.Debug|Any CPU.Build.0 = Debug|Any CPU
		{AF533AAC-5AE5-480C-B3F5-5495A0920B72}.Release|Any CPU.ActiveCfg = Release|Any CPU
		{AF533AAC-5AE5-480C-B3F5-5495A0920B72}.Release|Any CPU.Build.0 = Release|Any CPU
	EndGlobalSection
	GlobalSection(SolutionProperties) = preSolution
		HideSolutionNode = FALSE
	EndGlobalSection
	GlobalSection(ExtensibilityGlobals) = postSolution
		SolutionGuid = {CCBB0C73-646B-48A3-99F2-20478BD5B786}
	EndGlobalSection
EndGlobal
