
Microsoft Visual Studio Solution File, Format Version 12.00
# Visual Studio 15
VisualStudioVersion = 15.0.28010.2046
MinimumVisualStudioVersion = 10.0.40219.1
Project("{FAE04EC0-301F-11D3-BF4B-00C04F79EFBC}") = "eyeX_tracker", "eyeX_tracker\eyeX_tracker.csproj", "{DDA177A0-8303-4BCD-B7A8-C77AFC083548}"
EndProject
Global
	GlobalSection(SolutionConfigurationPlatforms) = preSolution
		Debug|Any CPU = Debug|Any CPU
		Release|Any CPU = Release|Any CPU
	EndGlobalSection
	GlobalSection(ProjectConfigurationPlatforms) = postSolution
		{DDA177A0-8303-4BCD-B7A8-C77AFC083548}.Debug|Any CPU.ActiveCfg = Debug|Any CPU
		{DDA177A0-8303-4BCD-B7A8-C77AFC083548}.Debug|Any CPU.Build.0 = Debug|Any CPU
		{DDA177A0-8303-4BCD-B7A8-C77AFC083548}.Release|Any CPU.ActiveCfg = Release|Any CPU
		{DDA177A0-8303-4BCD-B7A8-C77AFC083548}.Release|Any CPU.Build.0 = Release|Any CPU
	EndGlobalSection
	GlobalSection(SolutionProperties) = preSolution
		HideSolutionNode = FALSE
	EndGlobalSection
	GlobalSection(ExtensibilityGlobals) = postSolution
		SolutionGuid = {3052CA71-A343-4F95-BDF3-8388795D72DF}
	EndGlobalSection
EndGlobal
